
Microsoft Visual Studio Solution File, Format Version 12.00
# Visual Studio Version 17
VisualStudioVersion = 17.5.33516.290
MinimumVisualStudioVersion = 10.0.40219.1
Project("{FAE04EC0-301F-11D3-BF4B-00C04F79EFBC}") = "ConsoleAppGitTest", "ConsoleAppGitTest\ConsoleAppGitTest.csproj", "{036BB652-0DF7-47D9-9EE5-0582F96CECE5}"
EndProject
Global
	GlobalSection(SolutionConfigurationPlatforms) = preSolution
		Debug|Any CPU = Debug|Any CPU
		Release|Any CPU = Release|Any CPU
	EndGlobalSection
	GlobalSection(ProjectConfigurationPlatforms) = postSolution
		{036BB652-0DF7-47D9-9EE5-0582F96CECE5}.Debug|Any CPU.ActiveCfg = Debug|Any CPU
		{036BB652-0DF7-47D9-9EE5-0582F96CECE5}.Debug|Any CPU.Build.0 = Debug|Any CPU
		{036BB652-0DF7-47D9-9EE5-0582F96CECE5}.Release|Any CPU.ActiveCfg = Release|Any CPU
		{036BB652-0DF7-47D9-9EE5-0582F96CECE5}.Release|Any CPU.Build.0 = Release|Any CPU
	EndGlobalSection
	GlobalSection(SolutionProperties) = preSolution
		HideSolutionNode = FALSE
	EndGlobalSection
	GlobalSection(ExtensibilityGlobals) = postSolution
		SolutionGuid = {39209B71-9AC8-4EE2-B4A0-D2E5C58FF012}
	EndGlobalSection
EndGlobal
